
Microsoft Visual Studio Solution File, Format Version 12.00
# Visual Studio Version 16
VisualStudioVersion = 16.0.30907.101
MinimumVisualStudioVersion = 10.0.40219.1
Project("{9A19103F-16F7-4668-BE54-9A1E7A4F7556}") = "OgrenciYonetimSistemiV5", "OgrenciYonetimSistemiV5.csproj", "{764098BB-4DDF-4F4C-A71C-58C9033E63BD}"
EndProject
Global
	GlobalSection(SolutionConfigurationPlatforms) = preSolution
		Debug|Any CPU = Debug|Any CPU
		Release|Any CPU = Release|Any CPU
	EndGlobalSection
	GlobalSection(ProjectConfigurationPlatforms) = postSolution
		{764098BB-4DDF-4F4C-A71C-58C9033E63BD}.Debug|Any CPU.ActiveCfg = Debug|Any CPU
		{764098BB-4DDF-4F4C-A71C-58C9033E63BD}.Debug|Any CPU.Build.0 = Debug|Any CPU
		{764098BB-4DDF-4F4C-A71C-58C9033E63BD}.Release|Any CPU.ActiveCfg = Release|Any CPU
		{764098BB-4DDF-4F4C-A71C-58C9033E63BD}.Release|Any CPU.Build.0 = Release|Any CPU
	EndGlobalSection
	GlobalSection(SolutionProperties) = preSolution
		HideSolutionNode = FALSE
	EndGlobalSection
	GlobalSection(ExtensibilityGlobals) = postSolution
		SolutionGuid = {2DE43D10-CE1E-44F6-A2DB-8A106A7415F8}
	EndGlobalSection
EndGlobal
